# THIS IS AN AUTOGENERATED FILE. DO NOT EDIT THIS FILE DIRECTLY.
# yarn lockfile v1


urs@^0.0.8:
  version "0.0.8"
  resolved "https://registry.yarnpkg.com/urs/-/urs-0.0.8.tgz#8a0e0b792073cdb7eec926d08ab1e017ffab3f66"
  integrity sha512-LaSSPpr91XrVA3vW2zPupw4K6DSQEDKdL4yQZX1mO2fpljIMpB5zctrjRvxLurelWSgKsHsCmfHNCImscryirQ==

use-http@^1.0.26:
  version "1.0.26"
  resolved "https://registry.yarnpkg.com/use-http/-/use-http-1.0.26.tgz#04faaa21a0389ff177531c7dfc2d73f021e6f3c4"
  integrity sha512-yB0dXX2S0Doyiti/kHqMsvlShL3tlI8YkoEARao1OVFKrGvyXejmWvrYkEI+oVTPvUqGzOsHbNROY0qKDC88Pg==
  dependencies:
    urs "^0.0.8"
    use-ssr "^1.0.24"
    utility-types "^3.10.0"

use-ssr@^1.0.24:
  version "1.0.24"
  resolved "https://registry.yarnpkg.com/use-ssr/-/use-ssr-1.0.24.tgz#213a3df58f5ab9268e6fe1a57ad0a9de91e514d1"
  integrity sha512-0MFps7ezL57/3o0yl4CvrHLlp9z20n1rQZV/lSRz7if+TUoM6POU1XdOvEjIgjgKeIhTEye1U0khrIYWCTWw4g==

utility-types@^3.10.0:
  version "3.10.0"
  resolved "https://registry.yarnpkg.com/utility-types/-/utility-types-3.10.0.tgz#ea4148f9a741015f05ed74fd615e1d20e6bed82b"
  integrity sha512-O11mqxmi7wMKCo6HKFt5AhO4BwY3VV68YU07tgxfz8zJTIxr4BpsezN49Ffwy9j3ZpwwJp4fkRwjRzq3uWE6Rg==
